
Microsoft Visual Studio Solution File, Format Version 12.00
# Visual Studio Version 17
VisualStudioVersion = 17.4.33103.184
MinimumVisualStudioVersion = 10.0.40219.1
Project("{FAE04EC0-301F-11D3-BF4B-00C04F79EFBC}") = "YZCalculatorApp", "YZCalculatorApp.csproj", "{3BC8D403-FDA5-4280-A4CB-E5AEC97FDA4E}"
EndProject
Global
	GlobalSection(SolutionConfigurationPlatforms) = preSolution
		Debug|Any CPU = Debug|Any CPU
		Release|Any CPU = Release|Any CPU
	EndGlobalSection
	GlobalSection(ProjectConfigurationPlatforms) = postSolution
		{3BC8D403-FDA5-4280-A4CB-E5AEC97FDA4E}.Debug|Any CPU.ActiveCfg = Debug|Any CPU
		{3BC8D403-FDA5-4280-A4CB-E5AEC97FDA4E}.Debug|Any CPU.Build.0 = Debug|Any CPU
		{3BC8D403-FDA5-4280-A4CB-E5AEC97FDA4E}.Release|Any CPU.ActiveCfg = Release|Any CPU
		{3BC8D403-FDA5-4280-A4CB-E5AEC97FDA4E}.Release|Any CPU.Build.0 = Release|Any CPU
	EndGlobalSection
	GlobalSection(SolutionProperties) = preSolution
		HideSolutionNode = FALSE
	EndGlobalSection
	GlobalSection(ExtensibilityGlobals) = postSolution
		SolutionGuid = {7E4E984A-C2A9-4972-8C31-FFBC59467FD2}
	EndGlobalSection
EndGlobal
